{
  "name": "body-quest",
  "version": "1.0.0",
  "lockfileVersion": 2,
  "requires": true,
  "packages": {
    "": {
      "name": "body-quest",
      "version": "1.0.0",
      "license": "ISC",
      "devDependencies": {},
      "engines": {
        "node": "= 18.14.0",
        "npm": "= 9.3.1"
      }
    }
  }
}
